
Microsoft Visual Studio Solution File, Format Version 12.00
# Visual Studio Version 16
VisualStudioVersion = 16.0.29020.237
MinimumVisualStudioVersion = 10.0.40219.1
Project("{8BC9CEB8-8B4A-11D0-8D11-00A0C91BC942}") = "LibraryManagementSystem", "LibraryManagementSystem.vcxproj", "{C113E539-FF10-4B7A-BC79-10C44D97C726}"
EndProject
Global
	GlobalSection(SolutionConfigurationPlatforms) = preSolution
		Debug|x64 = Debug|x64
		Debug|x86 = Debug|x86
		Release|x64 = Release|x64
		Release|x86 = Release|x86
	EndGlobalSection
	GlobalSection(ProjectConfigurationPlatforms) = postSolution
		{C113E539-FF10-4B7A-BC79-10C44D97C726}.Debug|x64.ActiveCfg = Debug|x64
		{C113E539-FF10-4B7A-BC79-10C44D97C726}.Debug|x64.Build.0 = Debug|x64
		{C113E539-FF10-4B7A-BC79-10C44D97C726}.Debug|x86.ActiveCfg = Debug|Win32
		{C113E539-FF10-4B7A-BC79-10C44D97C726}.Debug|x86.Build.0 = Debug|Win32
		{C113E539-FF10-4B7A-BC79-10C44D97C726}.Release|x64.ActiveCfg = Release|x64
		{C113E539-FF10-4B7A-BC79-10C44D97C726}.Release|x64.Build.0 = Release|x64
		{C113E539-FF10-4B7A-BC79-10C44D97C726}.Release|x86.ActiveCfg = Release|Win32
		{C113E539-FF10-4B7A-BC79-10C44D97C726}.Release|x86.Build.0 = Release|Win32
	EndGlobalSection
	GlobalSection(SolutionProperties) = preSolution
		HideSolutionNode = FALSE
	EndGlobalSection
	GlobalSection(ExtensibilityGlobals) = postSolution
		SolutionGuid = {49DFDF75-34DB-4164-9D92-67A657708EA9}
	EndGlobalSection
EndGlobal
